// !$*UTF8*$!
{
	archiveVersion = 1;
	classes = {
	};
	objectVersion = 46;
	objects = {

/* Begin PBXBuildFile section */
		1C04A5A91C7BB9460086D4E5 /* AppDelegate.swift in Sources */ = {isa = PBXBuildFile; fileRef = 1C04A5A81C7BB9460086D4E5 /* AppDelegate.swift */; };
		1C04A5AB1C7BB9460086D4E5 /* ViewController.swift in Sources */ = {isa = PBXBuildFile; fileRef = 1C04A5AA1C7BB9460086D4E5 /* ViewController.swift */; };
		1C04A5AE1C7BB9460086D4E5 /* Main.storyboard in Resources */ = {isa = PBXBuildFile; fileRef = 1C04A5AC1C7BB9460086D4E5 /* Main.storyboard */; };
		1C04A5B01C7BB9460086D4E5 /* Assets.xcassets in Resources */ = {isa = PBXBuildFile; fileRef = 1C04A5AF1C7BB9460086D4E5 /* Assets.xcassets */; };
		1C04A5B31C7BB9460086D4E5 /* LaunchScreen.storyboard in Resources */ = {isa = PBXBuildFile; fileRef = 1C04A5B11C7BB9460086D4E5 /* LaunchScreen.storyboard */; };
		1C04A5BB1C7BBDA90086D4E5 /* Task.swift in Sources */ = {isa = PBXBuildFile; fileRef = 1C04A5BA1C7BBDA90086D4E5 /* Task.swift */; };
		1C04A5BD1C7CF2A50086D4E5 /* CAGradientLayer+Convenience.swift in Sources */ = {isa = PBXBuildFile; fileRef = 1C04A5BC1C7CF2A50086D4E5 /* CAGradientLayer+Convenience.swift */; };
		1C04A5BF1C7CFABB0086D4E5 /* GradientView.swift in Sources */ = {isa = PBXBuildFile; fileRef = 1C04A5BE1C7CFABB0086D4E5 /* GradientView.swift */; };
		1C5284A91C9C83150085B815 /* Task_Punch_CardTests.swift in Sources */ = {isa = PBXBuildFile; fileRef = 1C5284A81C9C83150085B815 /* Task_Punch_CardTests.swift */; };
/* End PBXBuildFile section */

/* Begin PBXContainerItemProxy section */
		1C5284AB1C9C83150085B815 /* PBXContainerItemProxy */ = {
			isa = PBXContainerItemProxy;
			containerPortal = 1C04A59D1C7BB9460086D4E5 /* Project object */;
			proxyType = 1;
			remoteGlobalIDString = 1C04A5A41C7BB9460086D4E5;
			remoteInfo = "Task Punch Card";
		};
/* End PBXContainerItemProxy section */

/* Begin PBXFileReference section */
		1C04A5A51C7BB9460086D4E5 /* Task Punch Card.app */ = {isa = PBXFileReference; explicitFileType = wrapper.application; includeInIndex = 0; path = "Task Punch Card.app"; sourceTree = BUILT_PRODUCTS_DIR; };
		1C04A5A81C7BB9460086D4E5 /* AppDelegate.swift */ = {isa = PBXFileReference; lastKnownFileType = sourcecode.swift; path = AppDelegate.swift; sourceTree = "<group>"; };
		1C04A5AA1C7BB9460086D4E5 /* ViewController.swift */ = {isa = PBXFileReference; lastKnownFileType = sourcecode.swift; path = ViewController.swift; sourceTree = "<group>"; };
		1C04A5AD1C7BB9460086D4E5 /* Base */ = {isa = PBXFileReference; lastKnownFileType = file.storyboard; name = Base; path = Base.lproj/Main.storyboard; sourceTree = "<group>"; };
		1C04A5AF1C7BB9460086D4E5 /* Assets.xcassets */ = {isa = PBXFileReference; lastKnownFileType = folder.assetcatalog; path = Assets.xcassets; sourceTree = "<group>"; };
		1C04A5B21C7BB9460086D4E5 /* Base */ = {isa = PBXFileReference; lastKnownFileType = file.storyboard; name = Base; path = Base.lproj/LaunchScreen.storyboard; sourceTree = "<group>"; };
		1C04A5B41C7BB9460086D4E5 /* Info.plist */ = {isa = PBXFileReference; lastKnownFileType = text.plist.xml; path = Info.plist; sourceTree = "<group>"; };
		1C04A5BA1C7BBDA90086D4E5 /* Task.swift */ = {isa = PBXFileReference; fileEncoding = 4; lastKnownFileType = sourcecode.swift; path = Task.swift; sourceTree = "<group>"; };
		1C04A5BC1C7CF2A50086D4E5 /* CAGradientLayer+Convenience.swift */ = {isa = PBXFileReference; fileEncoding = 4; lastKnownFileType = sourcecode.swift; path = "CAGradientLayer+Convenience.swift"; sourceTree = "<group>"; };
		1C04A5BE1C7CFABB0086D4E5 /* GradientView.swift */ = {isa = PBXFileReference; fileEncoding = 4; lastKnownFileType = sourcecode.swift; path = GradientView.swift; sourceTree = "<group>"; };
		1C5284A61C9C83150085B815 /* Task Punch CardTests.xctest */ = {isa = PBXFileReference; explicitFileType = wrapper.cfbundle; includeInIndex = 0; path = "Task Punch CardTests.xctest"; sourceTree = BUILT_PRODUCTS_DIR; };
		1C5284A81C9C83150085B815 /* Task_Punch_CardTests.swift */ = {isa = PBXFileReference; lastKnownFileType = sourcecode.swift; path = Task_Punch_CardTests.swift; sourceTree = "<group>"; };
		1C5284AA1C9C83150085B815 /* Info.plist */ = {isa = PBXFileReference; lastKnownFileType = text.plist.xml; path = Info.plist; sourceTree = "<group>"; };
/* End PBXFileReference section */

/* Begin PBXFrameworksBuildPhase section */
		1C04A5A21C7BB9460086D4E5 /* Frameworks */ = {
			isa = PBXFrameworksBuildPhase;
			buildActionMask = 2147483647;
			files = (
			);
			runOnlyForDeploymentPostprocessing = 0;
		};
		1C5284A31C9C83150085B815 /* Frameworks */ = {
			isa = PBXFrameworksBuildPhase;
			buildActionMask = 2147483647;
			files = (
			);
			runOnlyForDeploymentPostprocessing = 0;
		};
/* End PBXFrameworksBuildPhase section */

/* Begin PBXGroup section */
		1C04A59C1C7BB9460086D4E5 = {
			isa = PBXGroup;
			children = (
				1C04A5A71C7BB9460086D4E5 /* Task Punch Card */,
				1C5284A71C9C83150085B815 /* Task Punch CardTests */,
				1C04A5A61C7BB9460086D4E5 /* Products */,
			);
			sourceTree = "<group>";
		};
		1C04A5A61C7BB9460086D4E5 /* Products */ = {
			isa = PBXGroup;
			children = (
				1C04A5A51C7BB9460086D4E5 /* Task Punch Card.app */,
				1C5284A61C9C83150085B815 /* Task Punch CardTests.xctest */,
			);
			name = Products;
			sourceTree = "<group>";
		};
		1C04A5A71C7BB9460086D4E5 /* Task Punch Card */ = {
			isa = PBXGroup;
			children = (
				1C04A5A81C7BB9460086D4E5 /* AppDelegate.swift */,
				1C04A5AA1C7BB9460086D4E5 /* ViewController.swift */,
				1C04A5AC1C7BB9460086D4E5 /* Main.storyboard */,
				1C04A5AF1C7BB9460086D4E5 /* Assets.xcassets */,
				1C04A5B11C7BB9460086D4E5 /* LaunchScreen.storyboard */,
				1C04A5B41C7BB9460086D4E5 /* Info.plist */,
				1C04A5BA1C7BBDA90086D4E5 /* Task.swift */,
				1C04A5BC1C7CF2A50086D4E5 /* CAGradientLayer+Convenience.swift */,
				1C04A5BE1C7CFABB0086D4E5 /* GradientView.swift */,
			);
			path = "Task Punch Card";
			sourceTree = "<group>";
		};
		1C5284A71C9C83150085B815 /* Task Punch CardTests */ = {
			isa = PBXGroup;
			children = (
				1C5284A81C9C83150085B815 /* Task_Punch_CardTests.swift */,
				1C5284AA1C9C83150085B815 /* Info.plist */,
			);
			path = "Task Punch CardTests";
			sourceTree = "<group>";
		};
/* End PBXGroup section */

/* Begin PBXNativeTarget section */
		1C04A5A41C7BB9460086D4E5 /* Task Punch Card */ = {
			isa = PBXNativeTarget;
			buildConfigurationList = 1C04A5B71C7BB9460086D4E5 /* Build configuration list for PBXNativeTarget "Task Punch Card" */;
			buildPhases = (
				1C04A5A11C7BB9460086D4E5 /* Sources */,
				1C04A5A21C7BB9460086D4E5 /* Frameworks */,
				1C04A5A31C7BB9460086D4E5 /* Resources */,
			);
			buildRules = (
			);
			dependencies = (
			);
			name = "Task Punch Card";
			productName = "Task Punch Card";
			productReference = 1C04A5A51C7BB9460086D4E5 /* Task Punch Card.app */;
			productType = "com.apple.product-type.application";
		};
		1C5284A51C9C83150085B815 /* Task Punch CardTests */ = {
			isa = PBXNativeTarget;
			buildConfigurationList = 1C5284AF1C9C83150085B815 /* Build configuration list for PBXNativeTarget "Task Punch CardTests" */;
			buildPhases = (
				1C5284A21C9C83150085B815 /* Sources */,
				1C5284A31C9C83150085B815 /* Frameworks */,
				1C5284A41C9C83150085B815 /* Resources */,
			);
			buildRules = (
			);
			dependencies = (
				1C5284AC1C9C83150085B815 /* PBXTargetDependency */,
			);
			name = "Task Punch CardTests";
			productName = "Task Punch CardTests";
			productReference = 1C5284A61C9C83150085B815 /* Task Punch CardTests.xctest */;
			productType = "com.apple.product-type.bundle.unit-test";
		};
/* End PBXNativeTarget section */

/* Begin PBXProject section */
		1C04A59D1C7BB9460086D4E5 /* Project object */ = {
			isa = PBXProject;
			attributes = {
				LastSwiftUpdateCheck = 0720;
				LastUpgradeCheck = 0720;
				ORGANIZATIONNAME = "Daniel Grayson";
				TargetAttributes = {
					1C04A5A41C7BB9460086D4E5 = {
						CreatedOnToolsVersion = 7.2.1;
						DevelopmentTeam = GWYGZAV443;
					};
					1C5284A51C9C83150085B815 = {
						CreatedOnToolsVersion = 7.2.1;
						TestTargetID = 1C04A5A41C7BB9460086D4E5;
					};
				};
			};
			buildConfigurationList = 1C04A5A01C7BB9460086D4E5 /* Build configuration list for PBXProject "Task Punch Card" */;
			compatibilityVersion = "Xcode 3.2";
			developmentRegion = English;
			hasScannedForEncodings = 0;
			knownRegions = (
				en,
				Base,
			);
			mainGroup = 1C04A59C1C7BB9460086D4E5;
			productRefGroup = 1C04A5A61C7BB9460086D4E5 /* Products */;
			projectDirPath = "";
			projectRoot = "";
			targets = (
				1C04A5A41C7BB9460086D4E5 /* Task Punch Card */,
				1C5284A51C9C83150085B815 /* Task Punch CardTests */,
			);
		};
/* End PBXProject section */

/* Begin PBXResourcesBuildPhase section */
		1C04A5A31C7BB9460086D4E5 /* Resources */ = {
			isa = PBXResourcesBuildPhase;
			buildActionMask = 2147483647;
			files = (
				1C04A5B31C7BB9460086D4E5 /* LaunchScreen.storyboard in Resources */,
				1C04A5B01C7BB9460086D4E5 /* Assets.xcassets in Resources */,
				1C04A5AE1C7BB9460086D4E5 /* Main.storyboard in Resources */,
			);
			runOnlyForDeploymentPostprocessing = 0;
		};
		1C5284A41C9C83150085B815 /* Resources */ = {
			isa = PBXResourcesBuildPhase;
			buildActionMask = 2147483647;
			files = (
			);
			runOnlyForDeploymentPostprocessing = 0;
		};
/* End PBXResourcesBuildPhase section */

/* Begin PBXSourcesBuildPhase section */
		1C04A5A11C7BB9460086D4E5 /* Sources */ = {
			isa = PBXSourcesBuildPhase;
			buildActionMask = 2147483647;
			files = (
				1C04A5AB1C7BB9460086D4E5 /* ViewController.swift in Sources */,
				1C04A5BD1C7CF2A50086D4E5 /* CAGradientLayer+Convenience.swift in Sources */,
				1C04A5BF1C7CFABB0086D4E5 /* GradientView.swift in Sources */,
				1C04A5BB1C7BBDA90086D4E5 /* Task.swift in Sources */,
				1C04A5A91C7BB9460086D4E5 /* AppDelegate.swift in Sources */,
			);
			runOnlyForDeploymentPostprocessing = 0;
		};
		1C5284A21C9C83150085B815 /* Sources */ = {
			isa = PBXSourcesBuildPhase;
			buildActionMask = 2147483647;
			files = (
				1C5284A91C9C83150085B815 /* Task_Punch_CardTests.swift in Sources */,
			);
			runOnlyForDeploymentPostprocessing = 0;
		};
/* End PBXSourcesBuildPhase section */

/* Begin PBXTargetDependency section */
		1C5284AC1C9C83150085B815 /* PBXTargetDependency */ = {
			isa = PBXTargetDependency;
			target = 1C04A5A41C7BB9460086D4E5 /* Task Punch Card */;
			targetProxy = 1C5284AB1C9C83150085B815 /* PBXContainerItemProxy */;
		};
/* End PBXTargetDependency section */

/* Begin PBXVariantGroup section */
		1C04A5AC1C7BB9460086D4E5 /* Main.storyboard */ = {
			isa = PBXVariantGroup;
			children = (
				1C04A5AD1C7BB9460086D4E5 /* Base */,
			);
			name = Main.storyboard;
			sourceTree = "<group>";
		};
		1C04A5B11C7BB9460086D4E5 /* LaunchScreen.storyboard */ = {
			isa = PBXVariantGroup;
			children = (
				1C04A5B21C7BB9460086D4E5 /* Base */,
			);
			name = LaunchScreen.storyboard;
			sourceTree = "<group>";
		};
/* End PBXVariantGroup section */

/* Begin XCBuildConfiguration section */
		1C04A5B51C7BB9460086D4E5 /* Debug */ = {
			isa = XCBuildConfiguration;
			buildSettings = {
				ALWAYS_SEARCH_USER_PATHS = NO;
				CLANG_CXX_LANGUAGE_STANDARD = "gnu++0x";
				CLANG_CXX_LIBRARY = "libc++";
				CLANG_ENABLE_MODULES = YES;
				CLANG_ENABLE_OBJC_ARC = YES;
				CLANG_WARN_BOOL_CONVERSION = YES;
				CLANG_WARN_CONSTANT_CONVERSION = YES;
				CLANG_WARN_DIRECT_OBJC_ISA_USAGE = YES_ERROR;
				CLANG_WARN_EMPTY_BODY = YES;
				CLANG_WARN_ENUM_CONVERSION = YES;
				CLANG_WARN_INT_CONVERSION = YES;
				CLANG_WARN_OBJC_ROOT_CLASS = YES_ERROR;
				CLANG_WARN_UNREACHABLE_CODE = YES;
				CLANG_WARN__DUPLICATE_METHOD_MATCH = YES;
				"CODE_SIGN_IDENTITY[sdk=iphoneos*]" = "iPhone Developer";
				COPY_PHASE_STRIP = NO;
				DEBUG_INFORMATION_FORMAT = dwarf;
				ENABLE_STRICT_OBJC_MSGSEND = YES;
				ENABLE_TESTABILITY = YES;
				GCC_C_LANGUAGE_STANDARD = gnu99;
				GCC_DYNAMIC_NO_PIC = NO;
				GCC_NO_COMMON_BLOCKS = YES;
				GCC_OPTIMIZATION_LEVEL = 0;
				GCC_PREPROCESSOR_DEFINITIONS = (
					"DEBUG=1",
					"$(inherited)",
				);
				GCC_WARN_64_TO_32_BIT_CONVERSION = YES;
				GCC_WARN_ABOUT_RETURN_TYPE = YES_ERROR;
				GCC_WARN_UNDECLARED_SELECTOR = YES;
				GCC_WARN_UNINITIALIZED_AUTOS = YES_AGGRESSIVE;
				GCC_WARN_UNUSED_FUNCTION = YES;
				GCC_WARN_UNUSED_VARIABLE = YES;
				IPHONEOS_DEPLOYMENT_TARGET = 9.2;
				MTL_ENABLE_DEBUG_INFO = YES;
				ONLY_ACTIVE_ARCH = YES;
				SDKROOT = iphoneos;
				SWIFT_OPTIMIZATION_LEVEL = "-Onone";
			};
			name = Debug;
		};
		1C04A5B61C7BB9460086D4E5 /* Release */ = {
			isa = XCBuildConfiguration;
			buildSettings = {
				ALWAYS_SEARCH_USER_PATHS = NO;
				CLANG_CXX_LANGUAGE_STANDARD = "gnu++0x";
				CLANG_CXX_LIBRARY = "libc++";
				CLANG_ENABLE_MODULES = YES;
				CLANG_ENABLE_OBJC_ARC = YES;
				CLANG_WARN_BOOL_CONVERSION = YES;
				CLANG_WARN_CONSTANT_CONVERSION = YES;
				CLANG_WARN_DIRECT_OBJC_ISA_USAGE = YES_ERROR;
				CLANG_WARN_EMPTY_BODY = YES;
				CLANG_WARN_ENUM_CONVERSION = YES;
				CLANG_WARN_INT_CONVERSION = YES;
				CLANG_WARN_OBJC_ROOT_CLASS = YES_ERROR;
				CLANG_WARN_UNREACHABLE_CODE = YES;
				CLANG_WARN__DUPLICATE_METHOD_MATCH = YES;
				"CODE_SIGN_IDENTITY[sdk=iphoneos*]" = "iPhone Developer";
				COPY_PHASE_STRIP = NO;
				DEBUG_INFORMATION_FORMAT = "dwarf-with-dsym";
				ENABLE_NS_ASSERTIONS = NO;
				ENABLE_STRICT_OBJC_MSGSEND = YES;
				GCC_C_LANGUAGE_STANDARD = gnu99;
				GCC_NO_COMMON_BLOCKS = YES;
				GCC_WARN_64_TO_32_BIT_CONVERSION = YES;
				GCC_WARN_ABOUT_RETURN_TYPE = YES_ERROR;
				GCC_WARN_UNDECLARED_SELECTOR = YES;
				GCC_WARN_UNINITIALIZED_AUTOS = YES_AGGRESSIVE;
				GCC_WARN_UNUSED_FUNCTION = YES;
				GCC_WARN_UNUSED_VARIABLE = YES;
				IPHONEOS_DEPLOYMENT_TARGET = 9.2;
				MTL_ENABLE_DEBUG_INFO = NO;
				SDKROOT = iphoneos;
				VALIDATE_PRODUCT = YES;
			};
			name = Release;
		};
		1C04A5B81C7BB9460086D4E5 /* Debug */ = {
			isa = XCBuildConfiguration;
			buildSettings = {
				ASSETCATALOG_COMPILER_APPICON_NAME = AppIcon;
				CODE_SIGN_IDENTITY = "iPhone Developer";
				"CODE_SIGN_IDENTITY[sdk=iphoneos*]" = "iPhone Developer";
				INFOPLIST_FILE = "Task Punch Card/Info.plist";
				LD_RUNPATH_SEARCH_PATHS = "$(inherited) @executable_path/Frameworks";
				PRODUCT_BUNDLE_IDENTIFIER = "dangrayson.Task-Punch-Card";
				PRODUCT_NAME = "$(TARGET_NAME)";
				PROVISIONING_PROFILE = "";
			};
			name = Debug;
		};
		1C04A5B91C7BB9460086D4E5 /* Release */ = {
			isa = XCBuildConfiguration;
			buildSettings = {
				ASSETCATALOG_COMPILER_APPICON_NAME = AppIcon;
				CODE_SIGN_IDENTITY = "iPhone Developer";
				"CODE_SIGN_IDENTITY[sdk=iphoneos*]" = "iPhone Developer";
				INFOPLIST_FILE = "Task Punch Card/Info.plist";
				LD_RUNPATH_SEARCH_PATHS = "$(inherited) @executable_path/Frameworks";
				PRODUCT_BUNDLE_IDENTIFIER = "dangrayson.Task-Punch-Card";
				PRODUCT_NAME = "$(TARGET_NAME)";
				PROVISIONING_PROFILE = "";
			};
			name = Release;
		};
		1C5284AD1C9C83150085B815 /* Debug */ = {
			isa = XCBuildConfiguration;
			buildSettings = {
				BUNDLE_LOADER = "$(TEST_HOST)";
				INFOPLIST_FILE = "Task Punch CardTests/Info.plist";
				LD_RUNPATH_SEARCH_PATHS = "$(inherited) @executable_path/Frameworks @loader_path/Frameworks";
				PRODUCT_BUNDLE_IDENTIFIER = "com.dangrayson.Task-Punch-CardTests";
				PRODUCT_NAME = "$(TARGET_NAME)";
				TEST_HOST = "$(BUILT_PRODUCTS_DIR)/Task Punch Card.app/Task Punch Card";
			};
			name = Debug;
		};
		1C5284AE1C9C83150085B815 /* Release */ = {
			isa = XCBuildConfiguration;
			buildSettings = {
				BUNDLE_LOADER = "$(TEST_HOST)";
				INFOPLIST_FILE = "Task Punch CardTests/Info.plist";
				LD_RUNPATH_SEARCH_PATHS = "$(inherited) @executable_path/Frameworks @loader_path/Frameworks";
				PRODUCT_BUNDLE_IDENTIFIER = "com.dangrayson.Task-Punch-CardTests";
				PRODUCT_NAME = "$(TARGET_NAME)";
				TEST_HOST = "$(BUILT_PRODUCTS_DIR)/Task Punch Card.app/Task Punch Card";
			};
			name = Release;
		};
/* End XCBuildConfiguration section */

/* Begin XCConfigurationList section */
		1C04A5A01C7BB9460086D4E5 /* Build configuration list for PBXProject "Task Punch Card" */ = {
			isa = XCConfigurationList;
			buildConfigurations = (
				1C04A5B51C7BB9460086D4E5 /* Debug */,
				1C04A5B61C7BB9460086D4E5 /* Release */,
			);
			defaultConfigurationIsVisible = 0;
			defaultConfigurationName = Release;
		};
		1C04A5B71C7BB9460086D4E5 /* Build configuration list for PBXNativeTarget "Task Punch Card" */ = {
			isa = XCConfigurationList;
			buildConfigurations = (
				1C04A5B81C7BB9460086D4E5 /* Debug */,
				1C04A5B91C7BB9460086D4E5 /* Release */,
			);
			defaultConfigurationIsVisible = 0;
			defaultConfigurationName = Release;
		};
		1C5284AF1C9C83150085B815 /* Build configuration list for PBXNativeTarget "Task Punch CardTests" */ = {
			isa = XCConfigurationList;
			buildConfigurations = (
				1C5284AD1C9C83150085B815 /* Debug */,
				1C5284AE1C9C83150085B815 /* Release */,
			);
			defaultConfigurationIsVisible = 0;
		};
/* End XCConfigurationList section */
	};
	rootObject = 1C04A59D1C7BB9460086D4E5 /* Project object */;
}
